
Microsoft Visual Studio Solution File, Format Version 12.00
# Visual Studio Version 17
VisualStudioVersion = 17.5.002.0
MinimumVisualStudioVersion = 10.0.40219.1
Project("{9A19103F-16F7-4668-BE54-9A1E7A4F7556}") = "file_search_dotnet", "file_search_dotnet\file_search_dotnet.csproj", "{1F677728-FC8C-4ED2-932B-262CBC7EC929}"
EndProject
Global
	GlobalSection(SolutionConfigurationPlatforms) = preSolution
		Debug|Any CPU = Debug|Any CPU
		Release|Any CPU = Release|Any CPU
	EndGlobalSection
	GlobalSection(ProjectConfigurationPlatforms) = postSolution
		{1F677728-FC8C-4ED2-932B-262CBC7EC929}.Debug|Any CPU.ActiveCfg = Debug|Any CPU
		{1F677728-FC8C-4ED2-932B-262CBC7EC929}.Debug|Any CPU.Build.0 = Debug|Any CPU
		{1F677728-FC8C-4ED2-932B-262CBC7EC929}.Release|Any CPU.ActiveCfg = Release|Any CPU
		{1F677728-FC8C-4ED2-932B-262CBC7EC929}.Release|Any CPU.Build.0 = Release|Any CPU
	EndGlobalSection
	GlobalSection(SolutionProperties) = preSolution
		HideSolutionNode = FALSE
	EndGlobalSection
	GlobalSection(ExtensibilityGlobals) = postSolution
		SolutionGuid = {399209C2-1DFC-44B0-9B73-5775A6BA7864}
	EndGlobalSection
EndGlobal
